
Microsoft Visual Studio Solution File, Format Version 12.00
# Visual Studio 2013
VisualStudioVersion = 12.0.21005.1
MinimumVisualStudioVersion = 10.0.40219.1
Project("{A210F7E6-0DE9-4D39-8B86-5F79C1D8CA7C}") = "NativeClientLibraryDemo2", "NativeClientLibraryDemo2.vcxproj", "{9999D237-9C22-4B26-8EE8-66686B47A707}"
EndProject
Global
	GlobalSection(SolutionConfigurationPlatforms) = preSolution
		Debug|Win32 = Debug|Win32
		Release|Win32 = Release|Win32
	EndGlobalSection
	GlobalSection(ProjectConfigurationPlatforms) = postSolution
		{9999D237-9C22-4B26-8EE8-66686B47A707}.Debug|Win32.ActiveCfg = Debug|Win32
		{9999D237-9C22-4B26-8EE8-66686B47A707}.Debug|Win32.Build.0 = Debug|Win32
		{9999D237-9C22-4B26-8EE8-66686B47A707}.Release|Win32.ActiveCfg = Release|Win32
		{9999D237-9C22-4B26-8EE8-66686B47A707}.Release|Win32.Build.0 = Release|Win32
	EndGlobalSection
	GlobalSection(SolutionProperties) = preSolution
		HideSolutionNode = FALSE
	EndGlobalSection
EndGlobal
