Microsoft Visual Studio Solution File, Format Version 12.00
# Visual Studio 14
VisualStudioVersion = 14.0.23107.0
MinimumVisualStudioVersion = 10.0.40219.1
Project("{8BC9CEB8-8B4A-11D0-8D11-00A0C91BC942}") = "Microsoft.WindowsAzure.Storage.TablesGettingStarted.v140", "TablesGettingStarted\Microsoft.WindowsAzure.Storage.TablesGettingStarted.v140.vcxproj", "{A99AA81C-3952-465C-AD9B-3F0A940DB30D}"
EndProject
Project("{8BC9CEB8-8B4A-11D0-8D11-00A0C91BC942}") = "Microsoft.WindowsAzure.Storage.SamplesCommon.v140", "SamplesCommon\Microsoft.WindowsAzure.Storage.SamplesCommon.v140.vcxproj", "{2F5FA2E8-7F88-45EC-BDEF-8AF31B1F719C}"
EndProject
Project("{8BC9CEB8-8B4A-11D0-8D11-00A0C91BC942}") = "Microsoft.WindowsAzure.Storage.v140", "..\Microsoft.WindowsAzure.Storage.v140.vcxproj", "{25D342C3-6CDA-44DD-A16A-32A19B692785}"
EndProject
Project("{8BC9CEB8-8B4A-11D0-8D11-00A0C91BC942}") = "Microsoft.WindowsAzure.Storage.BlobsGettingStarted.v140", "BlobsGettingStarted\Microsoft.WindowsAzure.Storage.BlobsGettingStarted.v140.vcxproj", "{F2E0AF2E-8517-4E2B-85AA-701F7EBA6130}"
EndProject
Project("{8BC9CEB8-8B4A-11D0-8D11-00A0C91BC942}") = "Microsoft.WindowsAzure.Storage.QueuesGettingStarted.v140", "QueuesGettingStarted\Microsoft.WindowsAzure.Storage.QueuesGettingStarted.v140.vcxproj", "{DD2A4B3A-5D82-40A6-9F8F-17503EC6E326}"
EndProject
Project("{8BC9CEB8-8B4A-11D0-8D11-00A0C91BC942}") = "Microsoft.WindowsAzure.Storage.JsonPayloadFormat.v140", "JsonPayloadFormat\Microsoft.WindowsAzure.Storage.JsonPayloadFormat.v140.vcxproj", "{BF42EBC0-0CEC-4053-8145-11917E03F7BD}"
EndProject
Project("{8BC9CEB8-8B4A-11D0-8D11-00A0C91BC942}") = "Microsoft.WindowsAzure.Storage.FilesGettingStarted.v140", "FilesGettingStarted\Microsoft.WindowsAzure.Storage.FilesGettingStarted.v140.vcxproj", "{69B7A340-02D1-4685-9319-4804558321A1}"
EndProject
Global
	GlobalSection(SolutionConfigurationPlatforms) = preSolution
		Debug|Win32 = Debug|Win32
		Debug|x64 = Debug|x64
		Release|Win32 = Release|Win32
		Release|x64 = Release|x64
	EndGlobalSection
	GlobalSection(ProjectConfigurationPlatforms) = postSolution
		{A99AA81C-3952-465C-AD9B-3F0A940DB30D}.Debug|Win32.ActiveCfg = Debug|Win32
		{A99AA81C-3952-465C-AD9B-3F0A940DB30D}.Debug|Win32.Build.0 = Debug|Win32
		{A99AA81C-3952-465C-AD9B-3F0A940DB30D}.Debug|x64.ActiveCfg = Debug|Win32
		{A99AA81C-3952-465C-AD9B-3F0A940DB30D}.Release|Win32.ActiveCfg = Release|Win32
		{A99AA81C-3952-465C-AD9B-3F0A940DB30D}.Release|Win32.Build.0 = Release|Win32
		{A99AA81C-3952-465C-AD9B-3F0A940DB30D}.Release|x64.ActiveCfg = Release|Win32
		{2F5FA2E8-7F88-45EC-BDEF-8AF31B1F719C}.Debug|Win32.ActiveCfg = Debug|Win32
		{2F5FA2E8-7F88-45EC-BDEF-8AF31B1F719C}.Debug|Win32.Build.0 = Debug|Win32
		{2F5FA2E8-7F88-45EC-BDEF-8AF31B1F719C}.Debug|x64.ActiveCfg = Debug|Win32
		{2F5FA2E8-7F88-45EC-BDEF-8AF31B1F719C}.Release|Win32.ActiveCfg = Release|Win32
		{2F5FA2E8-7F88-45EC-BDEF-8AF31B1F719C}.Release|Win32.Build.0 = Release|Win32
		{2F5FA2E8-7F88-45EC-BDEF-8AF31B1F719C}.Release|x64.ActiveCfg = Release|Win32
		{25D342C3-6CDA-44DD-A16A-32A19B692785}.Debug|Win32.ActiveCfg = Debug|Win32
		{25D342C3-6CDA-44DD-A16A-32A19B692785}.Debug|Win32.Build.0 = Debug|Win32
		{25D342C3-6CDA-44DD-A16A-32A19B692785}.Debug|x64.ActiveCfg = Debug|x64
		{25D342C3-6CDA-44DD-A16A-32A19B692785}.Debug|x64.Build.0 = Debug|x64
		{25D342C3-6CDA-44DD-A16A-32A19B692785}.Release|Win32.ActiveCfg = Release|Win32
		{25D342C3-6CDA-44DD-A16A-32A19B692785}.Release|Win32.Build.0 = Release|Win32
		{25D342C3-6CDA-44DD-A16A-32A19B692785}.Release|x64.ActiveCfg = Release|x64
		{25D342C3-6CDA-44DD-A16A-32A19B692785}.Release|x64.Build.0 = Release|x64
		{F2E0AF2E-8517-4E2B-85AA-701F7EBA6130}.Debug|Win32.ActiveCfg = Debug|Win32
		{F2E0AF2E-8517-4E2B-85AA-701F7EBA6130}.Debug|Win32.Build.0 = Debug|Win32
		{F2E0AF2E-8517-4E2B-85AA-701F7EBA6130}.Debug|x64.ActiveCfg = Debug|Win32
		{F2E0AF2E-8517-4E2B-85AA-701F7EBA6130}.Release|Win32.ActiveCfg = Release|Win32
		{F2E0AF2E-8517-4E2B-85AA-701F7EBA6130}.Release|Win32.Build.0 = Release|Win32
		{F2E0AF2E-8517-4E2B-85AA-701F7EBA6130}.Release|x64.ActiveCfg = Release|Win32
		{DD2A4B3A-5D82-40A6-9F8F-17503EC6E326}.Debug|Win32.ActiveCfg = Debug|Win32
		{DD2A4B3A-5D82-40A6-9F8F-17503EC6E326}.Debug|Win32.Build.0 = Debug|Win32
		{DD2A4B3A-5D82-40A6-9F8F-17503EC6E326}.Debug|x64.ActiveCfg = Debug|Win32
		{DD2A4B3A-5D82-40A6-9F8F-17503EC6E326}.Release|Win32.ActiveCfg = Release|Win32
		{DD2A4B3A-5D82-40A6-9F8F-17503EC6E326}.Release|Win32.Build.0 = Release|Win32
		{DD2A4B3A-5D82-40A6-9F8F-17503EC6E326}.Release|x64.ActiveCfg = Release|Win32
		{BF42EBC0-0CEC-4053-8145-11917E03F7BD}.Debug|Win32.ActiveCfg = Debug|Win32
		{BF42EBC0-0CEC-4053-8145-11917E03F7BD}.Debug|Win32.Build.0 = Debug|Win32
		{BF42EBC0-0CEC-4053-8145-11917E03F7BD}.Debug|x64.ActiveCfg = Debug|Win32
		{BF42EBC0-0CEC-4053-8145-11917E03F7BD}.Release|Win32.ActiveCfg = Release|Win32
		{BF42EBC0-0CEC-4053-8145-11917E03F7BD}.Release|Win32.Build.0 = Release|Win32
		{BF42EBC0-0CEC-4053-8145-11917E03F7BD}.Release|x64.ActiveCfg = Release|Win32
		{69B7A340-02D1-4685-9319-4804558321A1}.Debug|Win32.ActiveCfg = Debug|Win32
		{69B7A340-02D1-4685-9319-4804558321A1}.Debug|Win32.Build.0 = Debug|Win32
		{69B7A340-02D1-4685-9319-4804558321A1}.Debug|x64.ActiveCfg = Debug|Win32
		{69B7A340-02D1-4685-9319-4804558321A1}.Release|Win32.ActiveCfg = Release|Win32
		{69B7A340-02D1-4685-9319-4804558321A1}.Release|Win32.Build.0 = Release|Win32
		{69B7A340-02D1-4685-9319-4804558321A1}.Release|x64.ActiveCfg = Release|Win32
	EndGlobalSection
	GlobalSection(SolutionProperties) = preSolution
		HideSolutionNode = FALSE
	EndGlobalSection
EndGlobal
