<?xml version="1.0" encoding="utf-8"?>
<Project ToolsVersion="4.0" xmlns="http://schemas.microsoft.com/developer/msbuild/2003">
  <ItemGroup>
    <Filter Include="Source Files">
      <UniqueIdentifier>{4FC737F1-C7A5-4376-A066-2A32D752A2FF}</UniqueIdentifier>
      <Extensions>cpp;c;cc;cxx;def;odl;idl;hpj;bat;asm;asmx</Extensions>
    </Filter>
    <Filter Include="Header Files">
      <UniqueIdentifier>{93995380-89BD-4b04-88EB-625FBE52EBFB}</UniqueIdentifier>
      <Extensions>h;hpp;hxx;hm;inl;inc;xsd</Extensions>
    </Filter>
    <Filter Include="Resource Files">
      <UniqueIdentifier>{67DA6AB6-F800-4c08-8B7A-83BB121AAD01}</UniqueIdentifier>
      <Extensions>rc;ico;cur;bmp;dlg;rc2;rct;bin;rgs;gif;jpg;jpeg;jpe;resx;tiff;tif;png;wav;mfcribbon-ms</Extensions>
    </Filter>
  </ItemGroup>
  <ItemGroup>
    <ClInclude Include="includes\was\retry_policies.h">
      <Filter>Header Files</Filter>
    </ClInclude>
    <ClInclude Include="includes\wascore\async_semaphore.h">
      <Filter>Header Files</Filter>
    </ClInclude>
    <ClInclude Include="includes\wascore\basic_types.h">
      <Filter>Header Files</Filter>
    </ClInclude>
    <ClInclude Include="includes\wascore\blobstreams.h">
      <Filter>Header Files</Filter>
    </ClInclude>
    <ClInclude Include="includes\wascore\constants.h">
      <Filter>Header Files</Filter>
    </ClInclude>
    <ClInclude Include="includes\wascore\executor.h">
      <Filter>Header Files</Filter>
    </ClInclude>
    <ClInclude Include="includes\wascore\logging.h">
      <Filter>Header Files</Filter>
    </ClInclude>
    <ClInclude Include="includes\wascore\protocol.h">
      <Filter>Header Files</Filter>
    </ClInclude>
    <ClInclude Include="includes\wascore\protocol_xml.h">
      <Filter>Header Files</Filter>
    </ClInclude>
    <ClInclude Include="includes\wascore\resources.h">
      <Filter>Header Files</Filter>
    </ClInclude>
    <ClInclude Include="includes\wascore\streambuf.h">
      <Filter>Header Files</Filter>
    </ClInclude>
    <ClInclude Include="includes\wascore\streams.h">
      <Filter>Header Files</Filter>
    </ClInclude>
    <ClInclude Include="includes\wascore\util.h">
      <Filter>Header Files</Filter>
    </ClInclude>
    <ClInclude Include="includes\wascore\xmlhelpers.h">
      <Filter>Header Files</Filter>
    </ClInclude>
    <ClInclude Include="includes\wascore\xmlstream.h">
      <Filter>Header Files</Filter>
    </ClInclude>
    <ClInclude Include="includes\stdafx.h">
      <Filter>Header Files</Filter>
    </ClInclude>
    <ClInclude Include="includes\targetver.h">
      <Filter>Header Files</Filter>
    </ClInclude>
    <ClInclude Include="includes\was\auth.h">
      <Filter>Header Files</Filter>
    </ClInclude>
    <ClInclude Include="includes\was\blob.h">
      <Filter>Header Files</Filter>
    </ClInclude>
    <ClInclude Include="includes\was\common.h">
      <Filter>Header Files</Filter>
    </ClInclude>
    <ClInclude Include="includes\was\core.h">
      <Filter>Header Files</Filter>
    </ClInclude>
    <ClInclude Include="includes\was\error_code_strings.h">
      <Filter>Header Files</Filter>
    </ClInclude>
    <ClInclude Include="includes\was\queue.h">
      <Filter>Header Files</Filter>
    </ClInclude>
    <ClInclude Include="includes\was\service_client.h">
      <Filter>Header Files</Filter>
    </ClInclude>
    <ClInclude Include="includes\was\storage_account.h">
      <Filter>Header Files</Filter>
    </ClInclude>
    <ClInclude Include="includes\was\table.h">
      <Filter>Header Files</Filter>
    </ClInclude>
    <ClInclude Include="resource.h">
      <Filter>Header Files</Filter>
    </ClInclude>
    <ClInclude Include="includes\wascore\protocol_json.h">
      <Filter>Header Files</Filter>
    </ClInclude>
    <ClInclude Include="includes\wascore\hashing.h">
      <Filter>Header Files</Filter>
    </ClInclude>
    <ClInclude Include="includes\was\file.h">
      <Filter>Header Files</Filter>
    </ClInclude>
    <ClInclude Include="includes\wascore\filestream.h">
      <Filter>Header Files</Filter>
    </ClInclude>
    <ClInclude Include="includes\wascore\timer_handler.h">
      <Filter>Header Files</Filter>
    </ClInclude>
    <ClInclude Include="includes\wascore\xml_wrapper.h">
      <Filter>Header Files</Filter>
    </ClInclude>
    <ClInclude Include="includes\was\crc64.h">
      <Filter>Header Files</Filter>
    </ClInclude>
  </ItemGroup>
  <ItemGroup>
    <ClCompile Include="src\async_semaphore.cpp">
      <Filter>Source Files</Filter>
    </ClCompile>
    <ClCompile Include="src\authentication.cpp">
      <Filter>Source Files</Filter>
    </ClCompile>
    <ClCompile Include="src\blob_request_factory.cpp">
      <Filter>Source Files</Filter>
    </ClCompile>
    <ClCompile Include="src\blob_response_parsers.cpp">
      <Filter>Source Files</Filter>
    </ClCompile>
    <ClCompile Include="src\cloud_append_blob.cpp">
      <Filter>Source Files</Filter>
    </ClCompile>
    <ClCompile Include="src\cloud_blob.cpp">
      <Filter>Source Files</Filter>
    </ClCompile>
    <ClCompile Include="src\cloud_blob_client.cpp">
      <Filter>Source Files</Filter>
    </ClCompile>
    <ClCompile Include="src\cloud_blob_container.cpp">
      <Filter>Source Files</Filter>
    </ClCompile>
    <ClCompile Include="src\cloud_blob_directory.cpp">
      <Filter>Source Files</Filter>
    </ClCompile>
    <ClCompile Include="src\cloud_blob_ostreambuf.cpp">
      <Filter>Source Files</Filter>
    </ClCompile>
    <ClCompile Include="src\entity_property.cpp">
      <Filter>Source Files</Filter>
    </ClCompile>
    <ClCompile Include="src\cloud_blob_shared.cpp">
      <Filter>Source Files</Filter>
    </ClCompile>
    <ClCompile Include="src\cloud_block_blob.cpp">
      <Filter>Source Files</Filter>
    </ClCompile>
    <ClCompile Include="src\cloud_client.cpp">
      <Filter>Source Files</Filter>
    </ClCompile>
    <ClCompile Include="src\cloud_page_blob.cpp">
      <Filter>Source Files</Filter>
    </ClCompile>
    <ClCompile Include="src\cloud_queue.cpp">
      <Filter>Source Files</Filter>
    </ClCompile>
    <ClCompile Include="src\cloud_queue_client.cpp">
      <Filter>Source Files</Filter>
    </ClCompile>
    <ClCompile Include="src\cloud_queue_message.cpp">
      <Filter>Source Files</Filter>
    </ClCompile>
    <ClCompile Include="src\cloud_storage_account.cpp">
      <Filter>Source Files</Filter>
    </ClCompile>
    <ClCompile Include="src\cloud_table.cpp">
      <Filter>Source Files</Filter>
    </ClCompile>
    <ClCompile Include="src\cloud_table_client.cpp">
      <Filter>Source Files</Filter>
    </ClCompile>
    <ClCompile Include="src\navigation.cpp">
      <Filter>Source Files</Filter>
    </ClCompile>
    <ClCompile Include="src\protocol_xml.cpp">
      <Filter>Source Files</Filter>
    </ClCompile>
    <ClCompile Include="src\request_factory.cpp">
      <Filter>Source Files</Filter>
    </ClCompile>
    <ClCompile Include="src\retry_policies.cpp">
      <Filter>Source Files</Filter>
    </ClCompile>
    <ClCompile Include="src\response_parsers.cpp">
      <Filter>Source Files</Filter>
    </ClCompile>
    <ClCompile Include="src\request_result.cpp">
      <Filter>Source Files</Filter>
    </ClCompile>
    <ClCompile Include="src\shared_access_signature.cpp">
      <Filter>Source Files</Filter>
    </ClCompile>
    <ClCompile Include="src\table_request_factory.cpp">
      <Filter>Source Files</Filter>
    </ClCompile>
    <ClCompile Include="src\table_response_parsers.cpp">
      <Filter>Source Files</Filter>
    </ClCompile>
    <ClCompile Include="src\table_query.cpp">
      <Filter>Source Files</Filter>
    </ClCompile>
    <ClCompile Include="src\xmlhelpers.cpp">
      <Filter>Source Files</Filter>
    </ClCompile>
    <ClCompile Include="src\stdafx.cpp">
      <Filter>Source Files</Filter>
    </ClCompile>
    <ClCompile Include="src\util.cpp">
      <Filter>Source Files</Filter>
    </ClCompile>
    <ClCompile Include="src\cloud_blob_istreambuf.cpp">
      <Filter>Source Files</Filter>
    </ClCompile>
    <ClCompile Include="src\basic_types.cpp">
      <Filter>Source Files</Filter>
    </ClCompile>
    <ClCompile Include="src\operation_context.cpp">
      <Filter>Source Files</Filter>
    </ClCompile>
    <ClCompile Include="src\cloud_core.cpp">
      <Filter>Source Files</Filter>
    </ClCompile>
    <ClCompile Include="src\mime_multipart_helper.cpp">
      <Filter>Source Files</Filter>
    </ClCompile>
    <ClCompile Include="src\protocol_json.cpp">
      <Filter>Source Files</Filter>
    </ClCompile>
    <ClCompile Include="src\cloud_common.cpp">
      <Filter>Source Files</Filter>
    </ClCompile>
    <ClCompile Include="src\queue_request_factory.cpp">
      <Filter>Source Files</Filter>
    </ClCompile>
    <ClCompile Include="src\logging.cpp">
      <Filter>Source Files</Filter>
    </ClCompile>
    <ClCompile Include="src\hashing.cpp">
      <Filter>Source Files</Filter>
    </ClCompile>
    <ClCompile Include="src\cloud_file_client.cpp">
      <Filter>Source Files</Filter>
    </ClCompile>
    <ClCompile Include="src\file_request_factory.cpp">
      <Filter>Source Files</Filter>
    </ClCompile>
    <ClCompile Include="src\cloud_file_share.cpp">
      <Filter>Source Files</Filter>
    </ClCompile>
    <ClCompile Include="src\file_response_parsers.cpp">
      <Filter>Source Files</Filter>
    </ClCompile>
    <ClCompile Include="src\cloud_file_directory.cpp">
      <Filter>Source Files</Filter>
    </ClCompile>
    <ClCompile Include="src\cloud_file.cpp">
      <Filter>Source Files</Filter>
    </ClCompile>
    <ClCompile Include="src\cloud_file_ostreambuf.cpp">
      <Filter>Source Files</Filter>
    </ClCompile>
    <ClCompile Include="src\constants.cpp">
      <Filter>Source Files</Filter>
    </ClCompile>
    <ClCompile Include="src\resources.cpp">
      <Filter>Source Files</Filter>
    </ClCompile>
    <ClCompile Include="src\streams.cpp">
      <Filter>Source Files</Filter>
    </ClCompile>
    <ClCompile Include="src\executor.cpp">
      <Filter>Source Files</Filter>
    </ClCompile>
    <ClCompile Include="src\timer_handler.cpp">
      <Filter>Source Files</Filter>
    </ClCompile>
    <ClCompile Include="src\xml_wrapper.cpp">
      <Filter>Source Files</Filter>
    </ClCompile>
    <ClCompile Include="src\crc64.cpp">
      <Filter>Source Files</Filter>
    </ClCompile>
  </ItemGroup>
  <ItemGroup>
    <ResourceCompile Include="version.rc">
      <Filter>Resource Files</Filter>
    </ResourceCompile>
  </ItemGroup>
  <ItemGroup>
    <None Include="includes\wascore\constants.dat">
      <Filter>Header Files</Filter>
    </None>
  </ItemGroup>
</Project>