<?xml version="1.0" encoding="utf-8"?>
<Project ToolsVersion="4.0" xmlns="http://schemas.microsoft.com/developer/msbuild/2003">
  <ItemGroup>
    <Filter Include="Source Files">
      <UniqueIdentifier>{4FC737F1-C7A5-4376-A066-2A32D752A2FF}</UniqueIdentifier>
      <Extensions>cpp;c;cc;cxx;def;odl;idl;hpj;bat;asm;asmx</Extensions>
    </Filter>
    <Filter Include="Header Files">
      <UniqueIdentifier>{93995380-89BD-4b04-88EB-625FBE52EBFB}</UniqueIdentifier>
      <Extensions>h;hpp;hxx;hm;inl;inc;xsd</Extensions>
    </Filter>
    <Filter Include="Resource Files">
      <UniqueIdentifier>{67DA6AB6-F800-4c08-8B7A-83BB121AAD01}</UniqueIdentifier>
      <Extensions>rc;ico;cur;bmp;dlg;rc2;rct;bin;rgs;gif;jpg;jpeg;jpe;resx;tiff;tif;png;wav;mfcribbon-ms</Extensions>
    </Filter>
  </ItemGroup>
  <ItemGroup>
    <ClInclude Include="stdafx.h">
      <Filter>Header Files</Filter>
    </ClInclude>
    <ClInclude Include="targetver.h">
      <Filter>Header Files</Filter>
    </ClInclude>
    <ClInclude Include="blob_test_base.h">
      <Filter>Header Files</Filter>
    </ClInclude>
    <ClInclude Include="check_macros.h">
      <Filter>Header Files</Filter>
    </ClInclude>
    <ClInclude Include="test_base.h">
      <Filter>Header Files</Filter>
    </ClInclude>
    <ClInclude Include="queue_test_base.h">
      <Filter>Header Files</Filter>
    </ClInclude>
    <ClInclude Include="table_test_base.h">
      <Filter>Header Files</Filter>
    </ClInclude>
    <ClInclude Include="file_test_base.h">
      <Filter>Header Files</Filter>
    </ClInclude>
  </ItemGroup>
  <ItemGroup>
    <ClCompile Include="stdafx.cpp">
      <Filter>Source Files</Filter>
    </ClCompile>
    <ClCompile Include="main.cpp">
      <Filter>Source Files</Filter>
    </ClCompile>
    <ClCompile Include="cloud_table_test.cpp">
      <Filter>Source Files</Filter>
    </ClCompile>
    <ClCompile Include="cloud_block_blob_test.cpp">
      <Filter>Source Files</Filter>
    </ClCompile>
    <ClCompile Include="..\src\hashing.cpp">
      <Filter>Source Files</Filter>
    </ClCompile>
    <ClCompile Include="blob_test_base.cpp">
      <Filter>Source Files</Filter>
    </ClCompile>
    <ClCompile Include="cloud_storage_account_test.cpp">
      <Filter>Source Files</Filter>
    </ClCompile>
    <ClCompile Include="cloud_blob_test.cpp">
      <Filter>Source Files</Filter>
    </ClCompile>
    <ClCompile Include="cloud_page_blob_test.cpp">
      <Filter>Source Files</Filter>
    </ClCompile>
    <ClCompile Include="cloud_blob_container_test.cpp">
      <Filter>Source Files</Filter>
    </ClCompile>
    <ClCompile Include="cloud_blob_directory_test.cpp">
      <Filter>Source Files</Filter>
    </ClCompile>
    <ClCompile Include="blob_streams_test.cpp">
      <Filter>Source Files</Filter>
    </ClCompile>
    <ClCompile Include="cloud_blob_client_test.cpp">
      <Filter>Source Files</Filter>
    </ClCompile>
    <ClCompile Include="blob_lease_test.cpp">
      <Filter>Source Files</Filter>
    </ClCompile>
    <ClCompile Include="test_base.cpp">
      <Filter>Source Files</Filter>
    </ClCompile>
    <ClCompile Include="retry_policy_test.cpp">
      <Filter>Source Files</Filter>
    </ClCompile>
    <ClCompile Include="read_from_secondary_test.cpp">
      <Filter>Source Files</Filter>
    </ClCompile>
    <ClCompile Include="service_properties_test.cpp">
      <Filter>Source Files</Filter>
    </ClCompile>
    <ClCompile Include="cloud_table_client_test.cpp">
      <Filter>Source Files</Filter>
    </ClCompile>
    <ClCompile Include="cloud_queue_test.cpp">
      <Filter>Source Files</Filter>
    </ClCompile>
    <ClCompile Include="cloud_queue_client_test.cpp">
      <Filter>Source Files</Filter>
    </ClCompile>
    <ClCompile Include="executor_test.cpp">
      <Filter>Source Files</Filter>
    </ClCompile>
    <ClCompile Include="cloud_append_blob_test.cpp">
      <Filter>Source Files</Filter>
    </ClCompile>
    <ClCompile Include="queue_test_base.cpp">
      <Filter>Source Files</Filter>
    </ClCompile>
    <ClCompile Include="storage_exception_test.cpp">
      <Filter>Source Files</Filter>
    </ClCompile>
    <ClCompile Include="table_test_base.cpp">
      <Filter>Source Files</Filter>
    </ClCompile>
    <ClCompile Include="result_iterator_test.cpp">
      <Filter>Source Files</Filter>
    </ClCompile>
    <ClCompile Include="unicode_test.cpp">
      <Filter>Source Files</Filter>
    </ClCompile>
    <ClCompile Include="file_test_base.cpp">
      <Filter>Source Files</Filter>
    </ClCompile>
    <ClCompile Include="cloud_file_client_test.cpp">
      <Filter>Source Files</Filter>
    </ClCompile>
    <ClCompile Include="cloud_file_directory_test.cpp">
      <Filter>Source Files</Filter>
    </ClCompile>
    <ClCompile Include="cloud_file_share_test.cpp">
      <Filter>Source Files</Filter>
    </ClCompile>
    <ClCompile Include="cloud_file_test.cpp">
      <Filter>Source Files</Filter>
    </ClCompile>
  </ItemGroup>
  <ItemGroup>
    <None Include="test_configurations.json" />
    <None Include="packages.config" />
  </ItemGroup>
</Project>